<?xml version="1.0" encoding="utf-8"?>
<Project ToolsVersion="4.0" xmlns="http://schemas.microsoft.com/developer/msbuild/2003">
  <ItemGroup>
    <Filter Include="Source Files">
      <UniqueIdentifier>{4FC737F1-C7A5-4376-A066-2A32D752A2FF}</UniqueIdentifier>
      <Extensions>cpp;c;cc;cxx;def;odl;idl;hpj;bat;asm;asmx</Extensions>
    </Filter>
    <Filter Include="Source Files\Tools">
      <UniqueIdentifier>{b8ffeafc-7772-459c-a5ef-f871b3f988d7}</UniqueIdentifier>
    </Filter>
    <Filter Include="Source Files\App">
      <UniqueIdentifier>{1aff8a80-ebe3-4f99-a59f-7a7aff9283c5}</UniqueIdentifier>
    </Filter>
    <Filter Include="Header Files">
      <UniqueIdentifier>{93995380-89BD-4b04-88EB-625FBE52EBFB}</UniqueIdentifier>
      <Extensions>h;hpp;hxx;hm;inl;inc;xsd</Extensions>
    </Filter>
    <Filter Include="Header Files\Tools">
      <UniqueIdentifier>{4fac281a-0162-46a7-960f-7da767e2ebb3}</UniqueIdentifier>
    </Filter>
    <Filter Include="Header Files\App">
      <UniqueIdentifier>{a050da51-bae4-4101-a889-73262349abf0}</UniqueIdentifier>
    </Filter>
    <Filter Include="Resource Files">
      <UniqueIdentifier>{67DA6AB6-F800-4c08-8B7A-83BB121AAD01}</UniqueIdentifier>
      <Extensions>rc;ico;cur;bmp;dlg;rc2;rct;bin;rgs;gif;jpg;jpeg;jpe;resx;tiff;tif;png;wav</Extensions>
    </Filter>
  </ItemGroup>
  <ItemGroup>
    <ClCompile Include="AviLoader.cpp">
      <Filter>Source Files</Filter>
    </ClCompile>
    <ClCompile Include="AviWriter.cpp">
      <Filter>Source Files</Filter>
    </ClCompile>
    <ClCompile Include="CaptureSelect.cpp">
      <Filter>Source Files</Filter>
    </ClCompile>
    <ClCompile Include="ChildFrm.cpp">
      <Filter>Source Files</Filter>
    </ClCompile>
    <ClCompile Include="ConsoleView.cpp">
      <Filter>Source Files</Filter>
    </ClCompile>
    <ClCompile Include="CustomSplitterWnd.cpp">
      <Filter>Source Files</Filter>
    </ClCompile>
    <ClCompile Include="DSVideoGrabber.cpp">
      <Filter>Source Files</Filter>
    </ClCompile>
    <ClCompile Include="ImageLoader.cpp">
      <Filter>Source Files</Filter>
    </ClCompile>
    <ClCompile Include="ImgParam.cpp">
      <Filter>Source Files</Filter>
    </ClCompile>
    <ClCompile Include="MainFrm.cpp">
      <Filter>Source Files</Filter>
    </ClCompile>
    <ClCompile Include="Processing.cpp">
      <Filter>Source Files</Filter>
    </ClCompile>
    <ClCompile Include="stdafx.cpp">
      <Filter>Source Files</Filter>
    </ClCompile>
    <ClCompile Include="Tunnel.cpp">
      <Filter>Source Files</Filter>
    </ClCompile>
    <ClCompile Include="VideoCapture.cpp">
      <Filter>Source Files</Filter>
    </ClCompile>
    <ClCompile Include="VideoCtrlBar.cpp">
      <Filter>Source Files</Filter>
    </ClCompile>
    <ClCompile Include="VideoCtrlFrm.cpp">
      <Filter>Source Files</Filter>
    </ClCompile>
    <ClCompile Include="VPT.cpp">
      <Filter>Source Files</Filter>
    </ClCompile>
    <ClCompile Include="VPTDoc.cpp">
      <Filter>Source Files</Filter>
    </ClCompile>
    <ClCompile Include="VPTView.cpp">
      <Filter>Source Files</Filter>
    </ClCompile>
    <ClCompile Include="Tools\cpuid.cpp">
      <Filter>Source Files\Tools</Filter>
    </ClCompile>
    <ClCompile Include="Tools\DSGraphBuilder.cpp">
      <Filter>Source Files\Tools</Filter>
    </ClCompile>
    <ClCompile Include="Tools\frame_yuv420.c">
      <Filter>Source Files\Tools</Filter>
    </ClCompile>
    <ClCompile Include="Tools\ImageConvert.cpp">
      <Filter>Source Files\Tools</Filter>
    </ClCompile>
    <ClCompile Include="Tools\ImageFilter.cpp">
      <Filter>Source Files\Tools</Filter>
    </ClCompile>
    <ClCompile Include="Tools\linklist.cpp">
      <Filter>Source Files\Tools</Filter>
    </ClCompile>
    <ClCompile Include="Tools\mcTemporalFilter.c">
      <Filter>Source Files\Tools</Filter>
    </ClCompile>
    <ClCompile Include="Tools\motionEstimation_yuv420.c">
      <Filter>Source Files\Tools</Filter>
    </ClCompile>
    <ClCompile Include="Tools\NoiseGenerator.cpp">
      <Filter>Source Files\Tools</Filter>
    </ClCompile>
    <ClCompile Include="Tools\VFWInterface.cpp">
      <Filter>Source Files\Tools</Filter>
    </ClCompile>
    <ClCompile Include="Tools\videoDeinterlace.c">
      <Filter>Source Files\Tools</Filter>
    </ClCompile>
    <ClCompile Include="Tools\videoEnhance.cpp">
      <Filter>Source Files\Tools</Filter>
    </ClCompile>
    <ClCompile Include="App\AppDeinterlacing.cpp">
      <Filter>Source Files\App</Filter>
    </ClCompile>
    <ClCompile Include="App\AppEncodeDecode.cpp">
      <Filter>Source Files\App</Filter>
    </ClCompile>
    <ClCompile Include="App\AppFieldOrder.cpp">
      <Filter>Source Files\App</Filter>
    </ClCompile>
    <ClCompile Include="App\AppMCTF.cpp">
      <Filter>Source Files\App</Filter>
    </ClCompile>
    <ClCompile Include="App\AppME.cpp">
      <Filter>Source Files\App</Filter>
    </ClCompile>
    <ClCompile Include="App\AppOrderFilter.cpp">
      <Filter>Source Files\App</Filter>
    </ClCompile>
    <ClCompile Include="App\AppTest.cpp">
      <Filter>Source Files\App</Filter>
    </ClCompile>
    <ClCompile Include="App\AppVideoEnhance.cpp">
      <Filter>Source Files\App</Filter>
    </ClCompile>
    <ClCompile Include="App\AppCompress.cpp">
      <Filter>Source Files\App</Filter>
    </ClCompile>
    <ClCompile Include="Tools\bitstream.c">
      <Filter>Source Files\Tools</Filter>
    </ClCompile>
    <ClCompile Include="App\AppConvert.cpp">
      <Filter>Source Files\App</Filter>
    </ClCompile>
  </ItemGroup>
  <ItemGroup>
    <ClInclude Include="AviLoader.h">
      <Filter>Header Files</Filter>
    </ClInclude>
    <ClInclude Include="AviWriter.h">
      <Filter>Header Files</Filter>
    </ClInclude>
    <ClInclude Include="CaptureSelect.h">
      <Filter>Header Files</Filter>
    </ClInclude>
    <ClInclude Include="ChildFrm.h">
      <Filter>Header Files</Filter>
    </ClInclude>
    <ClInclude Include="ConsoleView.h">
      <Filter>Header Files</Filter>
    </ClInclude>
    <ClInclude Include="CustomSplitterWnd.h">
      <Filter>Header Files</Filter>
    </ClInclude>
    <ClInclude Include="DSVideoGrabber.h">
      <Filter>Header Files</Filter>
    </ClInclude>
    <ClInclude Include="ImageLoader.h">
      <Filter>Header Files</Filter>
    </ClInclude>
    <ClInclude Include="ImgParam.h">
      <Filter>Header Files</Filter>
    </ClInclude>
    <ClInclude Include="MainFrm.h">
      <Filter>Header Files</Filter>
    </ClInclude>
    <ClInclude Include="Processing.h">
      <Filter>Header Files</Filter>
    </ClInclude>
    <ClInclude Include="qedit.h">
      <Filter>Header Files</Filter>
    </ClInclude>
    <ClInclude Include="Resource.h">
      <Filter>Header Files</Filter>
    </ClInclude>
    <ClInclude Include="stdafx.h">
      <Filter>Header Files</Filter>
    </ClInclude>
    <ClInclude Include="Tunnel.h">
      <Filter>Header Files</Filter>
    </ClInclude>
    <ClInclude Include="VideoCapture.h">
      <Filter>Header Files</Filter>
    </ClInclude>
    <ClInclude Include="VideoCtrlBar.h">
      <Filter>Header Files</Filter>
    </ClInclude>
    <ClInclude Include="VideoCtrlFrm.h">
      <Filter>Header Files</Filter>
    </ClInclude>
    <ClInclude Include="VPT.h">
      <Filter>Header Files</Filter>
    </ClInclude>
    <ClInclude Include="VPTDoc.h">
      <Filter>Header Files</Filter>
    </ClInclude>
    <ClInclude Include="VPTView.h">
      <Filter>Header Files</Filter>
    </ClInclude>
    <ClInclude Include="Tools\cpuid.h">
      <Filter>Header Files\Tools</Filter>
    </ClInclude>
    <ClInclude Include="Tools\DSGraphBuilder.h">
      <Filter>Header Files\Tools</Filter>
    </ClInclude>
    <ClInclude Include="Tools\frame_yuv420.h">
      <Filter>Header Files\Tools</Filter>
    </ClInclude>
    <ClInclude Include="Tools\ImageConvert.h">
      <Filter>Header Files\Tools</Filter>
    </ClInclude>
    <ClInclude Include="Tools\ImageFilter.h">
      <Filter>Header Files\Tools</Filter>
    </ClInclude>
    <ClInclude Include="Tools\linklist.h">
      <Filter>Header Files\Tools</Filter>
    </ClInclude>
    <ClInclude Include="Tools\mcTemporalFilter.h">
      <Filter>Header Files\Tools</Filter>
    </ClInclude>
    <ClInclude Include="Tools\motionEstimation_yuv420.h">
      <Filter>Header Files\Tools</Filter>
    </ClInclude>
    <ClInclude Include="Tools\NoiseGenerator.h">
      <Filter>Header Files\Tools</Filter>
    </ClInclude>
    <ClInclude Include="Tools\VFWInterface.h">
      <Filter>Header Files\Tools</Filter>
    </ClInclude>
    <ClInclude Include="Tools\videoDeinterlace.h">
      <Filter>Header Files\Tools</Filter>
    </ClInclude>
    <ClInclude Include="Tools\videoEnhance.h">
      <Filter>Header Files\Tools</Filter>
    </ClInclude>
    <ClInclude Include="App\AppDeinterlacing.h">
      <Filter>Header Files\App</Filter>
    </ClInclude>
    <ClInclude Include="App\AppEncodeDecode.h">
      <Filter>Header Files\App</Filter>
    </ClInclude>
    <ClInclude Include="App\AppFieldOrder.h">
      <Filter>Header Files\App</Filter>
    </ClInclude>
    <ClInclude Include="App\AppMCTF.h">
      <Filter>Header Files\App</Filter>
    </ClInclude>
    <ClInclude Include="App\AppME.h">
      <Filter>Header Files\App</Filter>
    </ClInclude>
    <ClInclude Include="App\AppOrderFilter.h">
      <Filter>Header Files\App</Filter>
    </ClInclude>
    <ClInclude Include="App\AppTest.h">
      <Filter>Header Files\App</Filter>
    </ClInclude>
    <ClInclude Include="App\AppVideoEnhance.h">
      <Filter>Header Files\App</Filter>
    </ClInclude>
    <ClInclude Include="App\AppCompress.h">
      <Filter>Header Files\App</Filter>
    </ClInclude>
    <ClInclude Include="Tools\bitstream.h">
      <Filter>Header Files\Tools</Filter>
    </ClInclude>
    <ClInclude Include="App\AppConvert.h">
      <Filter>Header Files\App</Filter>
    </ClInclude>
  </ItemGroup>
  <ItemGroup>
    <None Include="resource.hm">
      <Filter>Header Files</Filter>
    </None>
    <None Include="res\VPT.rc2">
      <Filter>Resource Files</Filter>
    </None>
    <None Include="ClassDiagram1.cd" />
    <None Include="VPT.reg" />
  </ItemGroup>
  <ItemGroup>
    <Image Include="res\Toolbar.bmp">
      <Filter>Resource Files</Filter>
    </Image>
    <Image Include="res\videoCtrlBar.bmp">
      <Filter>Resource Files</Filter>
    </Image>
    <Image Include="res\VPT.ico">
      <Filter>Resource Files</Filter>
    </Image>
    <Image Include="res\VPTDoc.ico">
      <Filter>Resource Files</Filter>
    </Image>
  </ItemGroup>
  <ItemGroup>
    <ResourceCompile Include="VPT.rc">
      <Filter>Resource Files</Filter>
    </ResourceCompile>
  </ItemGroup>
  <ItemGroup>
    <Text Include="ReadMe.txt" />
  </ItemGroup>
</Project>